// !$*UTF8*$!
{
	archiveVersion = 1;
	classes = {
	};
	objectVersion = 46;
	objects = {

/* Begin PBXBuildFile section */
		1CF5C17A1CA074DA001024EE /* AppDelegate.swift in Sources */ = {isa = PBXBuildFile; fileRef = 1CF5C1791CA074DA001024EE /* AppDelegate.swift */; };
		1CF5C17C1CA074DA001024EE /* ViewController.swift in Sources */ = {isa = PBXBuildFile; fileRef = 1CF5C17B1CA074DA001024EE /* ViewController.swift */; };
		1CF5C17F1CA074DA001024EE /* Main.storyboard in Resources */ = {isa = PBXBuildFile; fileRef = 1CF5C17D1CA074DA001024EE /* Main.storyboard */; };
		1CF5C1811CA074DA001024EE /* Assets.xcassets in Resources */ = {isa = PBXBuildFile; fileRef = 1CF5C1801CA074DA001024EE /* Assets.xcassets */; };
		1CF5C1841CA074DA001024EE /* LaunchScreen.storyboard in Resources */ = {isa = PBXBuildFile; fileRef = 1CF5C1821CA074DA001024EE /* LaunchScreen.storyboard */; };
		1CF5C18C1CA0793E001024EE /* TapToLoginViewController.swift in Sources */ = {isa = PBXBuildFile; fileRef = 1CF5C18B1CA0793E001024EE /* TapToLoginViewController.swift */; };
		1CF5C18E1CA07C87001024EE /* PasswordManagerViewController.swift in Sources */ = {isa = PBXBuildFile; fileRef = 1CF5C18D1CA07C87001024EE /* PasswordManagerViewController.swift */; };
		1CF5C1901CA07CF8001024EE /* LocalAuthentication.framework in Frameworks */ = {isa = PBXBuildFile; fileRef = 1CF5C18F1CA07CF8001024EE /* LocalAuthentication.framework */; };
/* End PBXBuildFile section */

/* Begin PBXFileReference section */
		1CF5C1761CA074DA001024EE /* PasswordApp.app */ = {isa = PBXFileReference; explicitFileType = wrapper.application; includeInIndex = 0; path = PasswordApp.app; sourceTree = BUILT_PRODUCTS_DIR; };
		1CF5C1791CA074DA001024EE /* AppDelegate.swift */ = {isa = PBXFileReference; lastKnownFileType = sourcecode.swift; path = AppDelegate.swift; sourceTree = "<group>"; };
		1CF5C17B1CA074DA001024EE /* ViewController.swift */ = {isa = PBXFileReference; lastKnownFileType = sourcecode.swift; path = ViewController.swift; sourceTree = "<group>"; };
		1CF5C17E1CA074DA001024EE /* Base */ = {isa = PBXFileReference; lastKnownFileType = file.storyboard; name = Base; path = Base.lproj/Main.storyboard; sourceTree = "<group>"; };
		1CF5C1801CA074DA001024EE /* Assets.xcassets */ = {isa = PBXFileReference; lastKnownFileType = folder.assetcatalog; path = Assets.xcassets; sourceTree = "<group>"; };
		1CF5C1831CA074DA001024EE /* Base */ = {isa = PBXFileReference; lastKnownFileType = file.storyboard; name = Base; path = Base.lproj/LaunchScreen.storyboard; sourceTree = "<group>"; };
		1CF5C1851CA074DA001024EE /* Info.plist */ = {isa = PBXFileReference; lastKnownFileType = text.plist.xml; path = Info.plist; sourceTree = "<group>"; };
		1CF5C18B1CA0793E001024EE /* TapToLoginViewController.swift */ = {isa = PBXFileReference; fileEncoding = 4; lastKnownFileType = sourcecode.swift; path = TapToLoginViewController.swift; sourceTree = "<group>"; };
		1CF5C18D1CA07C87001024EE /* PasswordManagerViewController.swift */ = {isa = PBXFileReference; fileEncoding = 4; lastKnownFileType = sourcecode.swift; path = PasswordManagerViewController.swift; sourceTree = "<group>"; };
		1CF5C18F1CA07CF8001024EE /* LocalAuthentication.framework */ = {isa = PBXFileReference; lastKnownFileType = wrapper.framework; name = LocalAuthentication.framework; path = System/Library/Frameworks/LocalAuthentication.framework; sourceTree = SDKROOT; };
/* End PBXFileReference section */

/* Begin PBXFrameworksBuildPhase section */
		1CF5C1731CA074DA001024EE /* Frameworks */ = {
			isa = PBXFrameworksBuildPhase;
			buildActionMask = 2147483647;
			files = (
				1CF5C1901CA07CF8001024EE /* LocalAuthentication.framework in Frameworks */,
			);
			runOnlyForDeploymentPostprocessing = 0;
		};
/* End PBXFrameworksBuildPhase section */

/* Begin PBXGroup section */
		1CF5C16D1CA074DA001024EE = {
			isa = PBXGroup;
			children = (
				1CF5C18F1CA07CF8001024EE /* LocalAuthentication.framework */,
				1CF5C1781CA074DA001024EE /* PasswordApp */,
				1CF5C1771CA074DA001024EE /* Products */,
			);
			sourceTree = "<group>";
		};
		1CF5C1771CA074DA001024EE /* Products */ = {
			isa = PBXGroup;
			children = (
				1CF5C1761CA074DA001024EE /* PasswordApp.app */,
			);
			name = Products;
			sourceTree = "<group>";
		};
		1CF5C1781CA074DA001024EE /* PasswordApp */ = {
			isa = PBXGroup;
			children = (
				1CF5C1791CA074DA001024EE /* AppDelegate.swift */,
				1CF5C17B1CA074DA001024EE /* ViewController.swift */,
				1CF5C17D1CA074DA001024EE /* Main.storyboard */,
				1CF5C18D1CA07C87001024EE /* PasswordManagerViewController.swift */,
				1CF5C18B1CA0793E001024EE /* TapToLoginViewController.swift */,
				1CF5C1801CA074DA001024EE /* Assets.xcassets */,
				1CF5C1821CA074DA001024EE /* LaunchScreen.storyboard */,
				1CF5C1851CA074DA001024EE /* Info.plist */,
			);
			path = PasswordApp;
			sourceTree = "<group>";
		};
/* End PBXGroup section */

/* Begin PBXNativeTarget section */
		1CF5C1751CA074DA001024EE /* PasswordApp */ = {
			isa = PBXNativeTarget;
			buildConfigurationList = 1CF5C1881CA074DA001024EE /* Build configuration list for PBXNativeTarget "PasswordApp" */;
			buildPhases = (
				1CF5C1721CA074DA001024EE /* Sources */,
				1CF5C1731CA074DA001024EE /* Frameworks */,
				1CF5C1741CA074DA001024EE /* Resources */,
			);
			buildRules = (
			);
			dependencies = (
			);
			name = PasswordApp;
			productName = PasswordApp;
			productReference = 1CF5C1761CA074DA001024EE /* PasswordApp.app */;
			productType = "com.apple.product-type.application";
		};
/* End PBXNativeTarget section */

/* Begin PBXProject section */
		1CF5C16E1CA074DA001024EE /* Project object */ = {
			isa = PBXProject;
			attributes = {
				LastSwiftUpdateCheck = 0720;
				LastUpgradeCheck = 0720;
				ORGANIZATIONNAME = "Dmytrii Sinko";
				TargetAttributes = {
					1CF5C1751CA074DA001024EE = {
						CreatedOnToolsVersion = 7.2.1;
					};
				};
			};
			buildConfigurationList = 1CF5C1711CA074DA001024EE /* Build configuration list for PBXProject "PasswordApp" */;
			compatibilityVersion = "Xcode 3.2";
			developmentRegion = English;
			hasScannedForEncodings = 0;
			knownRegions = (
				en,
				Base,
			);
			mainGroup = 1CF5C16D1CA074DA001024EE;
			productRefGroup = 1CF5C1771CA074DA001024EE /* Products */;
			projectDirPath = "";
			projectRoot = "";
			targets = (
				1CF5C1751CA074DA001024EE /* PasswordApp */,
			);
		};
/* End PBXProject section */

/* Begin PBXResourcesBuildPhase section */
		1CF5C1741CA074DA001024EE /* Resources */ = {
			isa = PBXResourcesBuildPhase;
			buildActionMask = 2147483647;
			files = (
				1CF5C1841CA074DA001024EE /* LaunchScreen.storyboard in Resources */,
				1CF5C1811CA074DA001024EE /* Assets.xcassets in Resources */,
				1CF5C17F1CA074DA001024EE /* Main.storyboard in Resources */,
			);
			runOnlyForDeploymentPostprocessing = 0;
		};
/* End PBXResourcesBuildPhase section */

/* Begin PBXSourcesBuildPhase section */
		1CF5C1721CA074DA001024EE /* Sources */ = {
			isa = PBXSourcesBuildPhase;
			buildActionMask = 2147483647;
			files = (
				1CF5C18C1CA0793E001024EE /* TapToLoginViewController.swift in Sources */,
				1CF5C17C1CA074DA001024EE /* ViewController.swift in Sources */,
				1CF5C17A1CA074DA001024EE /* AppDelegate.swift in Sources */,
				1CF5C18E1CA07C87001024EE /* PasswordManagerViewController.swift in Sources */,
			);
			runOnlyForDeploymentPostprocessing = 0;
		};
/* End PBXSourcesBuildPhase section */

/* Begin PBXVariantGroup section */
		1CF5C17D1CA074DA001024EE /* Main.storyboard */ = {
			isa = PBXVariantGroup;
			children = (
				1CF5C17E1CA074DA001024EE /* Base */,
			);
			name = Main.storyboard;
			sourceTree = "<group>";
		};
		1CF5C1821CA074DA001024EE /* LaunchScreen.storyboard */ = {
			isa = PBXVariantGroup;
			children = (
				1CF5C1831CA074DA001024EE /* Base */,
			);
			name = LaunchScreen.storyboard;
			sourceTree = "<group>";
		};
/* End PBXVariantGroup section */

/* Begin XCBuildConfiguration section */
		1CF5C1861CA074DA001024EE /* Debug */ = {
			isa = XCBuildConfiguration;
			buildSettings = {
				ALWAYS_SEARCH_USER_PATHS = NO;
				CLANG_CXX_LANGUAGE_STANDARD = "gnu++0x";
				CLANG_CXX_LIBRARY = "libc++";
				CLANG_ENABLE_MODULES = YES;
				CLANG_ENABLE_OBJC_ARC = YES;
				CLANG_WARN_BOOL_CONVERSION = YES;
				CLANG_WARN_CONSTANT_CONVERSION = YES;
				CLANG_WARN_DIRECT_OBJC_ISA_USAGE = YES_ERROR;
				CLANG_WARN_EMPTY_BODY = YES;
				CLANG_WARN_ENUM_CONVERSION = YES;
				CLANG_WARN_INT_CONVERSION = YES;
				CLANG_WARN_OBJC_ROOT_CLASS = YES_ERROR;
				CLANG_WARN_UNREACHABLE_CODE = YES;
				CLANG_WARN__DUPLICATE_METHOD_MATCH = YES;
				"CODE_SIGN_IDENTITY[sdk=iphoneos*]" = "iPhone Developer";
				COPY_PHASE_STRIP = NO;
				DEBUG_INFORMATION_FORMAT = dwarf;
				ENABLE_STRICT_OBJC_MSGSEND = YES;
				ENABLE_TESTABILITY = YES;
				GCC_C_LANGUAGE_STANDARD = gnu99;
				GCC_DYNAMIC_NO_PIC = NO;
				GCC_NO_COMMON_BLOCKS = YES;
				GCC_OPTIMIZATION_LEVEL = 0;
				GCC_PREPROCESSOR_DEFINITIONS = (
					"DEBUG=1",
					"$(inherited)",
				);
				GCC_WARN_64_TO_32_BIT_CONVERSION = YES;
				GCC_WARN_ABOUT_RETURN_TYPE = YES_ERROR;
				GCC_WARN_UNDECLARED_SELECTOR = YES;
				GCC_WARN_UNINITIALIZED_AUTOS = YES_AGGRESSIVE;
				GCC_WARN_UNUSED_FUNCTION = YES;
				GCC_WARN_UNUSED_VARIABLE = YES;
				IPHONEOS_DEPLOYMENT_TARGET = 9.2;
				MTL_ENABLE_DEBUG_INFO = YES;
				ONLY_ACTIVE_ARCH = YES;
				SDKROOT = iphoneos;
				SWIFT_OPTIMIZATION_LEVEL = "-Onone";
				TARGETED_DEVICE_FAMILY = "1,2";
			};
			name = Debug;
		};
		1CF5C1871CA074DA001024EE /* Release */ = {
			isa = XCBuildConfiguration;
			buildSettings = {
				ALWAYS_SEARCH_USER_PATHS = NO;
				CLANG_CXX_LANGUAGE_STANDARD = "gnu++0x";
				CLANG_CXX_LIBRARY = "libc++";
				CLANG_ENABLE_MODULES = YES;
				CLANG_ENABLE_OBJC_ARC = YES;
				CLANG_WARN_BOOL_CONVERSION = YES;
				CLANG_WARN_CONSTANT_CONVERSION = YES;
				CLANG_WARN_DIRECT_OBJC_ISA_USAGE = YES_ERROR;
				CLANG_WARN_EMPTY_BODY = YES;
				CLANG_WARN_ENUM_CONVERSION = YES;
				CLANG_WARN_INT_CONVERSION = YES;
				CLANG_WARN_OBJC_ROOT_CLASS = YES_ERROR;
				CLANG_WARN_UNREACHABLE_CODE = YES;
				CLANG_WARN__DUPLICATE_METHOD_MATCH = YES;
				"CODE_SIGN_IDENTITY[sdk=iphoneos*]" = "iPhone Developer";
				COPY_PHASE_STRIP = NO;
				DEBUG_INFORMATION_FORMAT = "dwarf-with-dsym";
				ENABLE_NS_ASSERTIONS = NO;
				ENABLE_STRICT_OBJC_MSGSEND = YES;
				GCC_C_LANGUAGE_STANDARD = gnu99;
				GCC_NO_COMMON_BLOCKS = YES;
				GCC_WARN_64_TO_32_BIT_CONVERSION = YES;
				GCC_WARN_ABOUT_RETURN_TYPE = YES_ERROR;
				GCC_WARN_UNDECLARED_SELECTOR = YES;
				GCC_WARN_UNINITIALIZED_AUTOS = YES_AGGRESSIVE;
				GCC_WARN_UNUSED_FUNCTION = YES;
				GCC_WARN_UNUSED_VARIABLE = YES;
				IPHONEOS_DEPLOYMENT_TARGET = 9.2;
				MTL_ENABLE_DEBUG_INFO = NO;
				SDKROOT = iphoneos;
				TARGETED_DEVICE_FAMILY = "1,2";
				VALIDATE_PRODUCT = YES;
			};
			name = Release;
		};
		1CF5C1891CA074DA001024EE /* Debug */ = {
			isa = XCBuildConfiguration;
			buildSettings = {
				ASSETCATALOG_COMPILER_APPICON_NAME = AppIcon;
				INFOPLIST_FILE = PasswordApp/Info.plist;
				LD_RUNPATH_SEARCH_PATHS = "$(inherited) @executable_path/Frameworks";
				PRODUCT_BUNDLE_IDENTIFIER = sinko.dmytrii.ios.PasswordApp;
				PRODUCT_NAME = "$(TARGET_NAME)";
			};
			name = Debug;
		};
		1CF5C18A1CA074DA001024EE /* Release */ = {
			isa = XCBuildConfiguration;
			buildSettings = {
				ASSETCATALOG_COMPILER_APPICON_NAME = AppIcon;
				INFOPLIST_FILE = PasswordApp/Info.plist;
				LD_RUNPATH_SEARCH_PATHS = "$(inherited) @executable_path/Frameworks";
				PRODUCT_BUNDLE_IDENTIFIER = sinko.dmytrii.ios.PasswordApp;
				PRODUCT_NAME = "$(TARGET_NAME)";
			};
			name = Release;
		};
/* End XCBuildConfiguration section */

/* Begin XCConfigurationList section */
		1CF5C1711CA074DA001024EE /* Build configuration list for PBXProject "PasswordApp" */ = {
			isa = XCConfigurationList;
			buildConfigurations = (
				1CF5C1861CA074DA001024EE /* Debug */,
				1CF5C1871CA074DA001024EE /* Release */,
			);
			defaultConfigurationIsVisible = 0;
			defaultConfigurationName = Release;
		};
		1CF5C1881CA074DA001024EE /* Build configuration list for PBXNativeTarget "PasswordApp" */ = {
			isa = XCConfigurationList;
			buildConfigurations = (
				1CF5C1891CA074DA001024EE /* Debug */,
				1CF5C18A1CA074DA001024EE /* Release */,
			);
			defaultConfigurationIsVisible = 0;
		};
/* End XCConfigurationList section */
	};
	rootObject = 1CF5C16E1CA074DA001024EE /* Project object */;
}
